// !$*UTF8*$!
{
	archiveVersion = 1;
	classes = {
	};
	objectVersion = 46;
	objects = {

/* Begin PBXBuildFile section */
		340A417C1C2E2BDC00839D67 /* main.m in Sources */ = {isa = PBXBuildFile; fileRef = 340A417B1C2E2BDC00839D67 /* main.m */; };
		340A417F1C2E2BDC00839D67 /* AppDelegate.m in Sources */ = {isa = PBXBuildFile; fileRef = 340A417E1C2E2BDC00839D67 /* AppDelegate.m */; };
		340A41821C2E2BDC00839D67 /* ViewController.m in Sources */ = {isa = PBXBuildFile; fileRef = 340A41811C2E2BDC00839D67 /* ViewController.m */; };
		340A41851C2E2BDC00839D67 /* Main.storyboard in Resources */ = {isa = PBXBuildFile; fileRef = 340A41831C2E2BDC00839D67 /* Main.storyboard */; };
		340A41871C2E2BDC00839D67 /* Assets.xcassets in Resources */ = {isa = PBXBuildFile; fileRef = 340A41861C2E2BDC00839D67 /* Assets.xcassets */; };
		340A418A1C2E2BDC00839D67 /* LaunchScreen.storyboard in Resources */ = {isa = PBXBuildFile; fileRef = 340A41881C2E2BDC00839D67 /* LaunchScreen.storyboard */; };
		340A41961C2E2DF900839D67 /* PushViewController.m in Sources */ = {isa = PBXBuildFile; fileRef = 340A41951C2E2DF900839D67 /* PushViewController.m */; };
		340A41991C2E2E0700839D67 /* PresentViewController.m in Sources */ = {isa = PBXBuildFile; fileRef = 340A41981C2E2E0700839D67 /* PresentViewController.m */; };
		340A419C1C2E480A00839D67 /* JRPushTransition.m in Sources */ = {isa = PBXBuildFile; fileRef = 340A419B1C2E480A00839D67 /* JRPushTransition.m */; };
/* End PBXBuildFile section */

/* Begin PBXFileReference section */
		340A41771C2E2BDC00839D67 /* JRTransitionDemo.app */ = {isa = PBXFileReference; explicitFileType = wrapper.application; includeInIndex = 0; path = JRTransitionDemo.app; sourceTree = BUILT_PRODUCTS_DIR; };
		340A417B1C2E2BDC00839D67 /* main.m */ = {isa = PBXFileReference; lastKnownFileType = sourcecode.c.objc; path = main.m; sourceTree = "<group>"; };
		340A417D1C2E2BDC00839D67 /* AppDelegate.h */ = {isa = PBXFileReference; lastKnownFileType = sourcecode.c.h; path = AppDelegate.h; sourceTree = "<group>"; };
		340A417E1C2E2BDC00839D67 /* AppDelegate.m */ = {isa = PBXFileReference; lastKnownFileType = sourcecode.c.objc; path = AppDelegate.m; sourceTree = "<group>"; };
		340A41801C2E2BDC00839D67 /* ViewController.h */ = {isa = PBXFileReference; lastKnownFileType = sourcecode.c.h; path = ViewController.h; sourceTree = "<group>"; };
		340A41811C2E2BDC00839D67 /* ViewController.m */ = {isa = PBXFileReference; lastKnownFileType = sourcecode.c.objc; path = ViewController.m; sourceTree = "<group>"; };
		340A41841C2E2BDC00839D67 /* Base */ = {isa = PBXFileReference; lastKnownFileType = file.storyboard; name = Base; path = Base.lproj/Main.storyboard; sourceTree = "<group>"; };
		340A41861C2E2BDC00839D67 /* Assets.xcassets */ = {isa = PBXFileReference; lastKnownFileType = folder.assetcatalog; path = Assets.xcassets; sourceTree = "<group>"; };
		340A41891C2E2BDC00839D67 /* Base */ = {isa = PBXFileReference; lastKnownFileType = file.storyboard; name = Base; path = Base.lproj/LaunchScreen.storyboard; sourceTree = "<group>"; };
		340A418B1C2E2BDC00839D67 /* Info.plist */ = {isa = PBXFileReference; lastKnownFileType = text.plist.xml; path = Info.plist; sourceTree = "<group>"; };
		340A41941C2E2DF900839D67 /* PushViewController.h */ = {isa = PBXFileReference; fileEncoding = 4; lastKnownFileType = sourcecode.c.h; path = PushViewController.h; sourceTree = "<group>"; };
		340A41951C2E2DF900839D67 /* PushViewController.m */ = {isa = PBXFileReference; fileEncoding = 4; lastKnownFileType = sourcecode.c.objc; path = PushViewController.m; sourceTree = "<group>"; };
		340A41971C2E2E0700839D67 /* PresentViewController.h */ = {isa = PBXFileReference; fileEncoding = 4; lastKnownFileType = sourcecode.c.h; path = PresentViewController.h; sourceTree = "<group>"; };
		340A41981C2E2E0700839D67 /* PresentViewController.m */ = {isa = PBXFileReference; fileEncoding = 4; lastKnownFileType = sourcecode.c.objc; path = PresentViewController.m; sourceTree = "<group>"; };
		340A419A1C2E480A00839D67 /* JRPushTransition.h */ = {isa = PBXFileReference; fileEncoding = 4; lastKnownFileType = sourcecode.c.h; path = JRPushTransition.h; sourceTree = "<group>"; };
		340A419B1C2E480A00839D67 /* JRPushTransition.m */ = {isa = PBXFileReference; fileEncoding = 4; lastKnownFileType = sourcecode.c.objc; path = JRPushTransition.m; sourceTree = "<group>"; };
/* End PBXFileReference section */

/* Begin PBXFrameworksBuildPhase section */
		340A41741C2E2BDC00839D67 /* Frameworks */ = {
			isa = PBXFrameworksBuildPhase;
			buildActionMask = 2147483647;
			files = (
			);
			runOnlyForDeploymentPostprocessing = 0;
		};
/* End PBXFrameworksBuildPhase section */

/* Begin PBXGroup section */
		340A416E1C2E2BDC00839D67 = {
			isa = PBXGroup;
			children = (
				340A41791C2E2BDC00839D67 /* JRTransitionDemo */,
				340A41781C2E2BDC00839D67 /* Products */,
			);
			sourceTree = "<group>";
		};
		340A41781C2E2BDC00839D67 /* Products */ = {
			isa = PBXGroup;
			children = (
				340A41771C2E2BDC00839D67 /* JRTransitionDemo.app */,
			);
			name = Products;
			sourceTree = "<group>";
		};
		340A41791C2E2BDC00839D67 /* JRTransitionDemo */ = {
			isa = PBXGroup;
			children = (
				340A41911C2E2DAF00839D67 /* Classes */,
				340A41921C2E2DC000839D67 /* PushController */,
				340A41931C2E2DCE00839D67 /* PresentController */,
				340A417A1C2E2BDC00839D67 /* Supporting Files */,
			);
			path = JRTransitionDemo;
			sourceTree = "<group>";
		};
		340A417A1C2E2BDC00839D67 /* Supporting Files */ = {
			isa = PBXGroup;
			children = (
				340A41831C2E2BDC00839D67 /* Main.storyboard */,
				340A41861C2E2BDC00839D67 /* Assets.xcassets */,
				340A41881C2E2BDC00839D67 /* LaunchScreen.storyboard */,
				340A418B1C2E2BDC00839D67 /* Info.plist */,
				340A417B1C2E2BDC00839D67 /* main.m */,
			);
			name = "Supporting Files";
			sourceTree = "<group>";
		};
		340A41911C2E2DAF00839D67 /* Classes */ = {
			isa = PBXGroup;
			children = (
				340A417D1C2E2BDC00839D67 /* AppDelegate.h */,
				340A417E1C2E2BDC00839D67 /* AppDelegate.m */,
				340A41801C2E2BDC00839D67 /* ViewController.h */,
				340A41811C2E2BDC00839D67 /* ViewController.m */,
			);
			name = Classes;
			sourceTree = "<group>";
		};
		340A41921C2E2DC000839D67 /* PushController */ = {
			isa = PBXGroup;
			children = (
				340A41941C2E2DF900839D67 /* PushViewController.h */,
				340A41951C2E2DF900839D67 /* PushViewController.m */,
				340A419A1C2E480A00839D67 /* JRPushTransition.h */,
				340A419B1C2E480A00839D67 /* JRPushTransition.m */,
			);
			name = PushController;
			sourceTree = "<group>";
		};
		340A41931C2E2DCE00839D67 /* PresentController */ = {
			isa = PBXGroup;
			children = (
				340A41971C2E2E0700839D67 /* PresentViewController.h */,
				340A41981C2E2E0700839D67 /* PresentViewController.m */,
			);
			name = PresentController;
			sourceTree = "<group>";
		};
/* End PBXGroup section */

/* Begin PBXNativeTarget section */
		340A41761C2E2BDC00839D67 /* JRTransitionDemo */ = {
			isa = PBXNativeTarget;
			buildConfigurationList = 340A418E1C2E2BDC00839D67 /* Build configuration list for PBXNativeTarget "JRTransitionDemo" */;
			buildPhases = (
				340A41731C2E2BDC00839D67 /* Sources */,
				340A41741C2E2BDC00839D67 /* Frameworks */,
				340A41751C2E2BDC00839D67 /* Resources */,
			);
			buildRules = (
			);
			dependencies = (
			);
			name = JRTransitionDemo;
			productName = JRTransitionDemo;
			productReference = 340A41771C2E2BDC00839D67 /* JRTransitionDemo.app */;
			productType = "com.apple.product-type.application";
		};
/* End PBXNativeTarget section */

/* Begin PBXProject section */
		340A416F1C2E2BDC00839D67 /* Project object */ = {
			isa = PBXProject;
			attributes = {
				LastUpgradeCheck = 0720;
				ORGANIZATIONNAME = wxiao;
				TargetAttributes = {
					340A41761C2E2BDC00839D67 = {
						CreatedOnToolsVersion = 7.2;
					};
				};
			};
			buildConfigurationList = 340A41721C2E2BDC00839D67 /* Build configuration list for PBXProject "JRTransitionDemo" */;
			compatibilityVersion = "Xcode 3.2";
			developmentRegion = English;
			hasScannedForEncodings = 0;
			knownRegions = (
				en,
				Base,
			);
			mainGroup = 340A416E1C2E2BDC00839D67;
			productRefGroup = 340A41781C2E2BDC00839D67 /* Products */;
			projectDirPath = "";
			projectRoot = "";
			targets = (
				340A41761C2E2BDC00839D67 /* JRTransitionDemo */,
			);
		};
/* End PBXProject section */

/* Begin PBXResourcesBuildPhase section */
		340A41751C2E2BDC00839D67 /* Resources */ = {
			isa = PBXResourcesBuildPhase;
			buildActionMask = 2147483647;
			files = (
				340A418A1C2E2BDC00839D67 /* LaunchScreen.storyboard in Resources */,
				340A41871C2E2BDC00839D67 /* Assets.xcassets in Resources */,
				340A41851C2E2BDC00839D67 /* Main.storyboard in Resources */,
			);
			runOnlyForDeploymentPostprocessing = 0;
		};
/* End PBXResourcesBuildPhase section */

/* Begin PBXSourcesBuildPhase section */
		340A41731C2E2BDC00839D67 /* Sources */ = {
			isa = PBXSourcesBuildPhase;
			buildActionMask = 2147483647;
			files = (
				340A419C1C2E480A00839D67 /* JRPushTransition.m in Sources */,
				340A41991C2E2E0700839D67 /* PresentViewController.m in Sources */,
				340A41821C2E2BDC00839D67 /* ViewController.m in Sources */,
				340A417F1C2E2BDC00839D67 /* AppDelegate.m in Sources */,
				340A41961C2E2DF900839D67 /* PushViewController.m in Sources */,
				340A417C1C2E2BDC00839D67 /* main.m in Sources */,
			);
			runOnlyForDeploymentPostprocessing = 0;
		};
/* End PBXSourcesBuildPhase section */

/* Begin PBXVariantGroup section */
		340A41831C2E2BDC00839D67 /* Main.storyboard */ = {
			isa = PBXVariantGroup;
			children = (
				340A41841C2E2BDC00839D67 /* Base */,
			);
			name = Main.storyboard;
			sourceTree = "<group>";
		};
		340A41881C2E2BDC00839D67 /* LaunchScreen.storyboard */ = {
			isa = PBXVariantGroup;
			children = (
				340A41891C2E2BDC00839D67 /* Base */,
			);
			name = LaunchScreen.storyboard;
			sourceTree = "<group>";
		};
/* End PBXVariantGroup section */

/* Begin XCBuildConfiguration section */
		340A418C1C2E2BDC00839D67 /* Debug */ = {
			isa = XCBuildConfiguration;
			buildSettings = {
				ALWAYS_SEARCH_USER_PATHS = NO;
				CLANG_CXX_LANGUAGE_STANDARD = "gnu++0x";
				CLANG_CXX_LIBRARY = "libc++";
				CLANG_ENABLE_MODULES = YES;
				CLANG_ENABLE_OBJC_ARC = YES;
				CLANG_WARN_BOOL_CONVERSION = YES;
				CLANG_WARN_CONSTANT_CONVERSION = YES;
				CLANG_WARN_DIRECT_OBJC_ISA_USAGE = YES_ERROR;
				CLANG_WARN_EMPTY_BODY = YES;
				CLANG_WARN_ENUM_CONVERSION = YES;
				CLANG_WARN_INT_CONVERSION = YES;
				CLANG_WARN_OBJC_ROOT_CLASS = YES_ERROR;
				CLANG_WARN_UNREACHABLE_CODE = YES;
				CLANG_WARN__DUPLICATE_METHOD_MATCH = YES;
				"CODE_SIGN_IDENTITY[sdk=iphoneos*]" = "iPhone Developer";
				COPY_PHASE_STRIP = NO;
				DEBUG_INFORMATION_FORMAT = dwarf;
				ENABLE_STRICT_OBJC_MSGSEND = YES;
				ENABLE_TESTABILITY = YES;
				GCC_C_LANGUAGE_STANDARD = gnu99;
				GCC_DYNAMIC_NO_PIC = NO;
				GCC_NO_COMMON_BLOCKS = YES;
				GCC_OPTIMIZATION_LEVEL = 0;
				GCC_PREPROCESSOR_DEFINITIONS = (
					"DEBUG=1",
					"$(inherited)",
				);
				GCC_WARN_64_TO_32_BIT_CONVERSION = YES;
				GCC_WARN_ABOUT_RETURN_TYPE = YES_ERROR;
				GCC_WARN_UNDECLARED_SELECTOR = YES;
				GCC_WARN_UNINITIALIZED_AUTOS = YES_AGGRESSIVE;
				GCC_WARN_UNUSED_FUNCTION = YES;
				GCC_WARN_UNUSED_VARIABLE = YES;
				IPHONEOS_DEPLOYMENT_TARGET = 9.2;
				MTL_ENABLE_DEBUG_INFO = YES;
				ONLY_ACTIVE_ARCH = YES;
				SDKROOT = iphoneos;
				TARGETED_DEVICE_FAMILY = "1,2";
			};
			name = Debug;
		};
		340A418D1C2E2BDC00839D67 /* Release */ = {
			isa = XCBuildConfiguration;
			buildSettings = {
				ALWAYS_SEARCH_USER_PATHS = NO;
				CLANG_CXX_LANGUAGE_STANDARD = "gnu++0x";
				CLANG_CXX_LIBRARY = "libc++";
				CLANG_ENABLE_MODULES = YES;
				CLANG_ENABLE_OBJC_ARC = YES;
				CLANG_WARN_BOOL_CONVERSION = YES;
				CLANG_WARN_CONSTANT_CONVERSION = YES;
				CLANG_WARN_DIRECT_OBJC_ISA_USAGE = YES_ERROR;
				CLANG_WARN_EMPTY_BODY = YES;
				CLANG_WARN_ENUM_CONVERSION = YES;
				CLANG_WARN_INT_CONVERSION = YES;
				CLANG_WARN_OBJC_ROOT_CLASS = YES_ERROR;
				CLANG_WARN_UNREACHABLE_CODE = YES;
				CLANG_WARN__DUPLICATE_METHOD_MATCH = YES;
				"CODE_SIGN_IDENTITY[sdk=iphoneos*]" = "iPhone Developer";
				COPY_PHASE_STRIP = NO;
				DEBUG_INFORMATION_FORMAT = "dwarf-with-dsym";
				ENABLE_NS_ASSERTIONS = NO;
				ENABLE_STRICT_OBJC_MSGSEND = YES;
				GCC_C_LANGUAGE_STANDARD = gnu99;
				GCC_NO_COMMON_BLOCKS = YES;
				GCC_WARN_64_TO_32_BIT_CONVERSION = YES;
				GCC_WARN_ABOUT_RETURN_TYPE = YES_ERROR;
				GCC_WARN_UNDECLARED_SELECTOR = YES;
				GCC_WARN_UNINITIALIZED_AUTOS = YES_AGGRESSIVE;
				GCC_WARN_UNUSED_FUNCTION = YES;
				GCC_WARN_UNUSED_VARIABLE = YES;
				IPHONEOS_DEPLOYMENT_TARGET = 9.2;
				MTL_ENABLE_DEBUG_INFO = NO;
				SDKROOT = iphoneos;
				TARGETED_DEVICE_FAMILY = "1,2";
				VALIDATE_PRODUCT = YES;
			};
			name = Release;
		};
		340A418F1C2E2BDC00839D67 /* Debug */ = {
			isa = XCBuildConfiguration;
			buildSettings = {
				ASSETCATALOG_COMPILER_APPICON_NAME = AppIcon;
				INFOPLIST_FILE = JRTransitionDemo/Info.plist;
				IPHONEOS_DEPLOYMENT_TARGET = 7.0;
				LD_RUNPATH_SEARCH_PATHS = "$(inherited) @executable_path/Frameworks";
				PRODUCT_BUNDLE_IDENTIFIER = clib.sariel.lijin.JRTransitionDemo;
				PRODUCT_NAME = "$(TARGET_NAME)";
			};
			name = Debug;
		};
		340A41901C2E2BDC00839D67 /* Release */ = {
			isa = XCBuildConfiguration;
			buildSettings = {
				ASSETCATALOG_COMPILER_APPICON_NAME = AppIcon;
				INFOPLIST_FILE = JRTransitionDemo/Info.plist;
				IPHONEOS_DEPLOYMENT_TARGET = 7.0;
				LD_RUNPATH_SEARCH_PATHS = "$(inherited) @executable_path/Frameworks";
				PRODUCT_BUNDLE_IDENTIFIER = clib.sariel.lijin.JRTransitionDemo;
				PRODUCT_NAME = "$(TARGET_NAME)";
			};
			name = Release;
		};
/* End XCBuildConfiguration section */

/* Begin XCConfigurationList section */
		340A41721C2E2BDC00839D67 /* Build configuration list for PBXProject "JRTransitionDemo" */ = {
			isa = XCConfigurationList;
			buildConfigurations = (
				340A418C1C2E2BDC00839D67 /* Debug */,
				340A418D1C2E2BDC00839D67 /* Release */,
			);
			defaultConfigurationIsVisible = 0;
			defaultConfigurationName = Release;
		};
		340A418E1C2E2BDC00839D67 /* Build configuration list for PBXNativeTarget "JRTransitionDemo" */ = {
			isa = XCConfigurationList;
			buildConfigurations = (
				340A418F1C2E2BDC00839D67 /* Debug */,
				340A41901C2E2BDC00839D67 /* Release */,
			);
			defaultConfigurationIsVisible = 0;
		};
/* End XCConfigurationList section */
	};
	rootObject = 340A416F1C2E2BDC00839D67 /* Project object */;
}
